
Microsoft Visual Studio Solution File, Format Version 12.00
# Visual Studio Version 17
VisualStudioVersion = 17.12.35728.132
MinimumVisualStudioVersion = 10.0.40219.1
Project("{FAE04EC0-301F-11D3-BF4B-00C04F79EFBC}") = "ASPAssignment", "ASPAssignment.csproj", "{4918209E-794C-4D71-8FC3-8D343199AF1A}"
EndProject
Project("{FAE04EC0-301F-11D3-BF4B-00C04F79EFBC}") = "Data", "..\Data\Data.csproj", "{59BDABBE-0F53-4CCE-9121-760A367188E5}"
EndProject
Project("{FAE04EC0-301F-11D3-BF4B-00C04F79EFBC}") = "Business", "..\Business\Business.csproj", "{9FFE3057-2D8A-423C-A969-5EDC2F55D58D}"
EndProject
Global
	GlobalSection(SolutionConfigurationPlatforms) = preSolution
		Debug|Any CPU = Debug|Any CPU
		Release|Any CPU = Release|Any CPU
	EndGlobalSection
	GlobalSection(ProjectConfigurationPlatforms) = postSolution
		{4918209E-794C-4D71-8FC3-8D343199AF1A}.Debug|Any CPU.ActiveCfg = Debug|Any CPU
		{4918209E-794C-4D71-8FC3-8D343199AF1A}.Debug|Any CPU.Build.0 = Debug|Any CPU
		{4918209E-794C-4D71-8FC3-8D343199AF1A}.Release|Any CPU.ActiveCfg = Release|Any CPU
		{4918209E-794C-4D71-8FC3-8D343199AF1A}.Release|Any CPU.Build.0 = Release|Any CPU
		{59BDABBE-0F53-4CCE-9121-760A367188E5}.Debug|Any CPU.ActiveCfg = Debug|Any CPU
		{59BDABBE-0F53-4CCE-9121-760A367188E5}.Debug|Any CPU.Build.0 = Debug|Any CPU
		{59BDABBE-0F53-4CCE-9121-760A367188E5}.Release|Any CPU.ActiveCfg = Release|Any CPU
		{59BDABBE-0F53-4CCE-9121-760A367188E5}.Release|Any CPU.Build.0 = Release|Any CPU
		{9FFE3057-2D8A-423C-A969-5EDC2F55D58D}.Debug|Any CPU.ActiveCfg = Debug|Any CPU
		{9FFE3057-2D8A-423C-A969-5EDC2F55D58D}.Debug|Any CPU.Build.0 = Debug|Any CPU
		{9FFE3057-2D8A-423C-A969-5EDC2F55D58D}.Release|Any CPU.ActiveCfg = Release|Any CPU
		{9FFE3057-2D8A-423C-A969-5EDC2F55D58D}.Release|Any CPU.Build.0 = Release|Any CPU
	EndGlobalSection
	GlobalSection(SolutionProperties) = preSolution
		HideSolutionNode = FALSE
	EndGlobalSection
EndGlobal
